// !$*UTF8*$!
{
	archiveVersion = 1;
	classes = {
	};
	objectVersion = 50;
	objects = {

/* Begin PBXBuildFile section */
		1E012AF02160A7DC00810D94 /* AppDelegate.swift in Sources */ = {isa = PBXBuildFile; fileRef = 1E012AEF2160A7DC00810D94 /* AppDelegate.swift */; };
		1E012AF22160A7DC00810D94 /* ViewController.swift in Sources */ = {isa = PBXBuildFile; fileRef = 1E012AF12160A7DC00810D94 /* ViewController.swift */; };
		1E012AF52160A7DD00810D94 /* Main.storyboard in Resources */ = {isa = PBXBuildFile; fileRef = 1E012AF32160A7DC00810D94 /* Main.storyboard */; };
		1E012AF82160A7DD00810D94 /* QRCodeReaderApp.xcdatamodeld in Sources */ = {isa = PBXBuildFile; fileRef = 1E012AF62160A7DD00810D94 /* QRCodeReaderApp.xcdatamodeld */; };
		1E012AFA2160A7E000810D94 /* Assets.xcassets in Resources */ = {isa = PBXBuildFile; fileRef = 1E012AF92160A7E000810D94 /* Assets.xcassets */; };
		1E012AFD2160A7E000810D94 /* LaunchScreen.storyboard in Resources */ = {isa = PBXBuildFile; fileRef = 1E012AFB2160A7E000810D94 /* LaunchScreen.storyboard */; };
		1E012B082160A7E100810D94 /* QRCodeReaderAppTests.swift in Sources */ = {isa = PBXBuildFile; fileRef = 1E012B072160A7E100810D94 /* QRCodeReaderAppTests.swift */; };
		1E012B132160A7E100810D94 /* QRCodeReaderAppUITests.swift in Sources */ = {isa = PBXBuildFile; fileRef = 1E012B122160A7E100810D94 /* QRCodeReaderAppUITests.swift */; };
		1E012B222160A80000810D94 /* QRCodeScanner.swift in Sources */ = {isa = PBXBuildFile; fileRef = 1E012B202160A7FF00810D94 /* QRCodeScanner.swift */; };
		1E012B232160A80000810D94 /* QRCodeVC.swift in Sources */ = {isa = PBXBuildFile; fileRef = 1E012B212160A80000810D94 /* QRCodeVC.swift */; };
/* End PBXBuildFile section */

/* Begin PBXContainerItemProxy section */
		1E012B042160A7E100810D94 /* PBXContainerItemProxy */ = {
			isa = PBXContainerItemProxy;
			containerPortal = 1E012AE42160A7DC00810D94 /* Project object */;
			proxyType = 1;
			remoteGlobalIDString = 1E012AEB2160A7DC00810D94;
			remoteInfo = QRCodeReaderApp;
		};
		1E012B0F2160A7E100810D94 /* PBXContainerItemProxy */ = {
			isa = PBXContainerItemProxy;
			containerPortal = 1E012AE42160A7DC00810D94 /* Project object */;
			proxyType = 1;
			remoteGlobalIDString = 1E012AEB2160A7DC00810D94;
			remoteInfo = QRCodeReaderApp;
		};
/* End PBXContainerItemProxy section */

/* Begin PBXFileReference section */
		1E012AEC2160A7DC00810D94 /* QRCodeReaderApp.app */ = {isa = PBXFileReference; explicitFileType = wrapper.application; includeInIndex = 0; path = QRCodeReaderApp.app; sourceTree = BUILT_PRODUCTS_DIR; };
		1E012AEF2160A7DC00810D94 /* AppDelegate.swift */ = {isa = PBXFileReference; lastKnownFileType = sourcecode.swift; path = AppDelegate.swift; sourceTree = "<group>"; };
		1E012AF12160A7DC00810D94 /* ViewController.swift */ = {isa = PBXFileReference; lastKnownFileType = sourcecode.swift; path = ViewController.swift; sourceTree = "<group>"; };
		1E012AF42160A7DC00810D94 /* Base */ = {isa = PBXFileReference; lastKnownFileType = file.storyboard; name = Base; path = Base.lproj/Main.storyboard; sourceTree = "<group>"; };
		1E012AF72160A7DD00810D94 /* QRCodeReaderApp.xcdatamodel */ = {isa = PBXFileReference; lastKnownFileType = wrapper.xcdatamodel; path = QRCodeReaderApp.xcdatamodel; sourceTree = "<group>"; };
		1E012AF92160A7E000810D94 /* Assets.xcassets */ = {isa = PBXFileReference; lastKnownFileType = folder.assetcatalog; path = Assets.xcassets; sourceTree = "<group>"; };
		1E012AFC2160A7E000810D94 /* Base */ = {isa = PBXFileReference; lastKnownFileType = file.storyboard; name = Base; path = Base.lproj/LaunchScreen.storyboard; sourceTree = "<group>"; };
		1E012AFE2160A7E000810D94 /* Info.plist */ = {isa = PBXFileReference; lastKnownFileType = text.plist.xml; path = Info.plist; sourceTree = "<group>"; };
		1E012B032160A7E100810D94 /* QRCodeReaderAppTests.xctest */ = {isa = PBXFileReference; explicitFileType = wrapper.cfbundle; includeInIndex = 0; path = QRCodeReaderAppTests.xctest; sourceTree = BUILT_PRODUCTS_DIR; };
		1E012B072160A7E100810D94 /* QRCodeReaderAppTests.swift */ = {isa = PBXFileReference; lastKnownFileType = sourcecode.swift; path = QRCodeReaderAppTests.swift; sourceTree = "<group>"; };
		1E012B092160A7E100810D94 /* Info.plist */ = {isa = PBXFileReference; lastKnownFileType = text.plist.xml; path = Info.plist; sourceTree = "<group>"; };
		1E012B0E2160A7E100810D94 /* QRCodeReaderAppUITests.xctest */ = {isa = PBXFileReference; explicitFileType = wrapper.cfbundle; includeInIndex = 0; path = QRCodeReaderAppUITests.xctest; sourceTree = BUILT_PRODUCTS_DIR; };
		1E012B122160A7E100810D94 /* QRCodeReaderAppUITests.swift */ = {isa = PBXFileReference; lastKnownFileType = sourcecode.swift; path = QRCodeReaderAppUITests.swift; sourceTree = "<group>"; };
		1E012B142160A7E100810D94 /* Info.plist */ = {isa = PBXFileReference; lastKnownFileType = text.plist.xml; path = Info.plist; sourceTree = "<group>"; };
		1E012B202160A7FF00810D94 /* QRCodeScanner.swift */ = {isa = PBXFileReference; fileEncoding = 4; lastKnownFileType = sourcecode.swift; path = QRCodeScanner.swift; sourceTree = "<group>"; };
		1E012B212160A80000810D94 /* QRCodeVC.swift */ = {isa = PBXFileReference; fileEncoding = 4; lastKnownFileType = sourcecode.swift; path = QRCodeVC.swift; sourceTree = "<group>"; };
/* End PBXFileReference section */

/* Begin PBXFrameworksBuildPhase section */
		1E012AE92160A7DC00810D94 /* Frameworks */ = {
			isa = PBXFrameworksBuildPhase;
			buildActionMask = 2147483647;
			files = (
			);
			runOnlyForDeploymentPostprocessing = 0;
		};
		1E012B002160A7E100810D94 /* Frameworks */ = {
			isa = PBXFrameworksBuildPhase;
			buildActionMask = 2147483647;
			files = (
			);
			runOnlyForDeploymentPostprocessing = 0;
		};
		1E012B0B2160A7E100810D94 /* Frameworks */ = {
			isa = PBXFrameworksBuildPhase;
			buildActionMask = 2147483647;
			files = (
			);
			runOnlyForDeploymentPostprocessing = 0;
		};
/* End PBXFrameworksBuildPhase section */

/* Begin PBXGroup section */
		1E012AE32160A7DC00810D94 = {
			isa = PBXGroup;
			children = (
				1E012AEE2160A7DC00810D94 /* QRCodeReaderApp */,
				1E012B062160A7E100810D94 /* QRCodeReaderAppTests */,
				1E012B112160A7E100810D94 /* QRCodeReaderAppUITests */,
				1E012AED2160A7DC00810D94 /* Products */,
			);
			sourceTree = "<group>";
		};
		1E012AED2160A7DC00810D94 /* Products */ = {
			isa = PBXGroup;
			children = (
				1E012AEC2160A7DC00810D94 /* QRCodeReaderApp.app */,
				1E012B032160A7E100810D94 /* QRCodeReaderAppTests.xctest */,
				1E012B0E2160A7E100810D94 /* QRCodeReaderAppUITests.xctest */,
			);
			name = Products;
			sourceTree = "<group>";
		};
		1E012AEE2160A7DC00810D94 /* QRCodeReaderApp */ = {
			isa = PBXGroup;
			children = (
				1E012B212160A80000810D94 /* QRCodeVC.swift */,
				1E012B202160A7FF00810D94 /* QRCodeScanner.swift */,
				1E012AEF2160A7DC00810D94 /* AppDelegate.swift */,
				1E012AF12160A7DC00810D94 /* ViewController.swift */,
				1E012AF32160A7DC00810D94 /* Main.storyboard */,
				1E012AF92160A7E000810D94 /* Assets.xcassets */,
				1E012AFB2160A7E000810D94 /* LaunchScreen.storyboard */,
				1E012AFE2160A7E000810D94 /* Info.plist */,
				1E012AF62160A7DD00810D94 /* QRCodeReaderApp.xcdatamodeld */,
			);
			path = QRCodeReaderApp;
			sourceTree = "<group>";
		};
		1E012B062160A7E100810D94 /* QRCodeReaderAppTests */ = {
			isa = PBXGroup;
			children = (
				1E012B072160A7E100810D94 /* QRCodeReaderAppTests.swift */,
				1E012B092160A7E100810D94 /* Info.plist */,
			);
			path = QRCodeReaderAppTests;
			sourceTree = "<group>";
		};
		1E012B112160A7E100810D94 /* QRCodeReaderAppUITests */ = {
			isa = PBXGroup;
			children = (
				1E012B122160A7E100810D94 /* QRCodeReaderAppUITests.swift */,
				1E012B142160A7E100810D94 /* Info.plist */,
			);
			path = QRCodeReaderAppUITests;
			sourceTree = "<group>";
		};
/* End PBXGroup section */

/* Begin PBXNativeTarget section */
		1E012AEB2160A7DC00810D94 /* QRCodeReaderApp */ = {
			isa = PBXNativeTarget;
			buildConfigurationList = 1E012B172160A7E100810D94 /* Build configuration list for PBXNativeTarget "QRCodeReaderApp" */;
			buildPhases = (
				1E012AE82160A7DC00810D94 /* Sources */,
				1E012AE92160A7DC00810D94 /* Frameworks */,
				1E012AEA2160A7DC00810D94 /* Resources */,
			);
			buildRules = (
			);
			dependencies = (
			);
			name = QRCodeReaderApp;
			productName = QRCodeReaderApp;
			productReference = 1E012AEC2160A7DC00810D94 /* QRCodeReaderApp.app */;
			productType = "com.apple.product-type.application";
		};
		1E012B022160A7E100810D94 /* QRCodeReaderAppTests */ = {
			isa = PBXNativeTarget;
			buildConfigurationList = 1E012B1A2160A7E100810D94 /* Build configuration list for PBXNativeTarget "QRCodeReaderAppTests" */;
			buildPhases = (
				1E012AFF2160A7E100810D94 /* Sources */,
				1E012B002160A7E100810D94 /* Frameworks */,
				1E012B012160A7E100810D94 /* Resources */,
			);
			buildRules = (
			);
			dependencies = (
				1E012B052160A7E100810D94 /* PBXTargetDependency */,
			);
			name = QRCodeReaderAppTests;
			productName = QRCodeReaderAppTests;
			productReference = 1E012B032160A7E100810D94 /* QRCodeReaderAppTests.xctest */;
			productType = "com.apple.product-type.bundle.unit-test";
		};
		1E012B0D2160A7E100810D94 /* QRCodeReaderAppUITests */ = {
			isa = PBXNativeTarget;
			buildConfigurationList = 1E012B1D2160A7E100810D94 /* Build configuration list for PBXNativeTarget "QRCodeReaderAppUITests" */;
			buildPhases = (
				1E012B0A2160A7E100810D94 /* Sources */,
				1E012B0B2160A7E100810D94 /* Frameworks */,
				1E012B0C2160A7E100810D94 /* Resources */,
			);
			buildRules = (
			);
			dependencies = (
				1E012B102160A7E100810D94 /* PBXTargetDependency */,
			);
			name = QRCodeReaderAppUITests;
			productName = QRCodeReaderAppUITests;
			productReference = 1E012B0E2160A7E100810D94 /* QRCodeReaderAppUITests.xctest */;
			productType = "com.apple.product-type.bundle.ui-testing";
		};
/* End PBXNativeTarget section */

/* Begin PBXProject section */
		1E012AE42160A7DC00810D94 /* Project object */ = {
			isa = PBXProject;
			attributes = {
				LastSwiftUpdateCheck = 0940;
				LastUpgradeCheck = 0940;
				ORGANIZATIONNAME = "Preeti Gaur";
				TargetAttributes = {
					1E012AEB2160A7DC00810D94 = {
						CreatedOnToolsVersion = 9.4.1;
					};
					1E012B022160A7E100810D94 = {
						CreatedOnToolsVersion = 9.4.1;
						TestTargetID = 1E012AEB2160A7DC00810D94;
					};
					1E012B0D2160A7E100810D94 = {
						CreatedOnToolsVersion = 9.4.1;
						TestTargetID = 1E012AEB2160A7DC00810D94;
					};
				};
			};
			buildConfigurationList = 1E012AE72160A7DC00810D94 /* Build configuration list for PBXProject "QRCodeReaderApp" */;
			compatibilityVersion = "Xcode 9.3";
			developmentRegion = en;
			hasScannedForEncodings = 0;
			knownRegions = (
				en,
				Base,
			);
			mainGroup = 1E012AE32160A7DC00810D94;
			productRefGroup = 1E012AED2160A7DC00810D94 /* Products */;
			projectDirPath = "";
			projectRoot = "";
			targets = (
				1E012AEB2160A7DC00810D94 /* QRCodeReaderApp */,
				1E012B022160A7E100810D94 /* QRCodeReaderAppTests */,
				1E012B0D2160A7E100810D94 /* QRCodeReaderAppUITests */,
			);
		};
/* End PBXProject section */

/* Begin PBXResourcesBuildPhase section */
		1E012AEA2160A7DC00810D94 /* Resources */ = {
			isa = PBXResourcesBuildPhase;
			buildActionMask = 2147483647;
			files = (
				1E012AFD2160A7E000810D94 /* LaunchScreen.storyboard in Resources */,
				1E012AFA2160A7E000810D94 /* Assets.xcassets in Resources */,
				1E012AF52160A7DD00810D94 /* Main.storyboard in Resources */,
			);
			runOnlyForDeploymentPostprocessing = 0;
		};
		1E012B012160A7E100810D94 /* Resources */ = {
			isa = PBXResourcesBuildPhase;
			buildActionMask = 2147483647;
			files = (
			);
			runOnlyForDeploymentPostprocessing = 0;
		};
		1E012B0C2160A7E100810D94 /* Resources */ = {
			isa = PBXResourcesBuildPhase;
			buildActionMask = 2147483647;
			files = (
			);
			runOnlyForDeploymentPostprocessing = 0;
		};
/* End PBXResourcesBuildPhase section */

/* Begin PBXSourcesBuildPhase section */
		1E012AE82160A7DC00810D94 /* Sources */ = {
			isa = PBXSourcesBuildPhase;
			buildActionMask = 2147483647;
			files = (
				1E012AF22160A7DC00810D94 /* ViewController.swift in Sources */,
				1E012B222160A80000810D94 /* QRCodeScanner.swift in Sources */,
				1E012AF02160A7DC00810D94 /* AppDelegate.swift in Sources */,
				1E012AF82160A7DD00810D94 /* QRCodeReaderApp.xcdatamodeld in Sources */,
				1E012B232160A80000810D94 /* QRCodeVC.swift in Sources */,
			);
			runOnlyForDeploymentPostprocessing = 0;
		};
		1E012AFF2160A7E100810D94 /* Sources */ = {
			isa = PBXSourcesBuildPhase;
			buildActionMask = 2147483647;
			files = (
				1E012B082160A7E100810D94 /* QRCodeReaderAppTests.swift in Sources */,
			);
			runOnlyForDeploymentPostprocessing = 0;
		};
		1E012B0A2160A7E100810D94 /* Sources */ = {
			isa = PBXSourcesBuildPhase;
			buildActionMask = 2147483647;
			files = (
				1E012B132160A7E100810D94 /* QRCodeReaderAppUITests.swift in Sources */,
			);
			runOnlyForDeploymentPostprocessing = 0;
		};
/* End PBXSourcesBuildPhase section */

/* Begin PBXTargetDependency section */
		1E012B052160A7E100810D94 /* PBXTargetDependency */ = {
			isa = PBXTargetDependency;
			target = 1E012AEB2160A7DC00810D94 /* QRCodeReaderApp */;
			targetProxy = 1E012B042160A7E100810D94 /* PBXContainerItemProxy */;
		};
		1E012B102160A7E100810D94 /* PBXTargetDependency */ = {
			isa = PBXTargetDependency;
			target = 1E012AEB2160A7DC00810D94 /* QRCodeReaderApp */;
			targetProxy = 1E012B0F2160A7E100810D94 /* PBXContainerItemProxy */;
		};
/* End PBXTargetDependency section */

/* Begin PBXVariantGroup section */
		1E012AF32160A7DC00810D94 /* Main.storyboard */ = {
			isa = PBXVariantGroup;
			children = (
				1E012AF42160A7DC00810D94 /* Base */,
			);
			name = Main.storyboard;
			sourceTree = "<group>";
		};
		1E012AFB2160A7E000810D94 /* LaunchScreen.storyboard */ = {
			isa = PBXVariantGroup;
			children = (
				1E012AFC2160A7E000810D94 /* Base */,
			);
			name = LaunchScreen.storyboard;
			sourceTree = "<group>";
		};
/* End PBXVariantGroup section */

/* Begin XCBuildConfiguration section */
		1E012B152160A7E100810D94 /* Debug */ = {
			isa = XCBuildConfiguration;
			buildSettings = {
				ALWAYS_SEARCH_USER_PATHS = NO;
				CLANG_ANALYZER_NONNULL = YES;
				CLANG_ANALYZER_NUMBER_OBJECT_CONVERSION = YES_AGGRESSIVE;
				CLANG_CXX_LANGUAGE_STANDARD = "gnu++14";
				CLANG_CXX_LIBRARY = "libc++";
				CLANG_ENABLE_MODULES = YES;
				CLANG_ENABLE_OBJC_ARC = YES;
				CLANG_ENABLE_OBJC_WEAK = YES;
				CLANG_WARN_BLOCK_CAPTURE_AUTORELEASING = YES;
				CLANG_WARN_BOOL_CONVERSION = YES;
				CLANG_WARN_COMMA = YES;
				CLANG_WARN_CONSTANT_CONVERSION = YES;
				CLANG_WARN_DEPRECATED_OBJC_IMPLEMENTATIONS = YES;
				CLANG_WARN_DIRECT_OBJC_ISA_USAGE = YES_ERROR;
				CLANG_WARN_DOCUMENTATION_COMMENTS = YES;
				CLANG_WARN_EMPTY_BODY = YES;
				CLANG_WARN_ENUM_CONVERSION = YES;
				CLANG_WARN_INFINITE_RECURSION = YES;
				CLANG_WARN_INT_CONVERSION = YES;
				CLANG_WARN_NON_LITERAL_NULL_CONVERSION = YES;
				CLANG_WARN_OBJC_IMPLICIT_RETAIN_SELF = YES;
				CLANG_WARN_OBJC_LITERAL_CONVERSION = YES;
				CLANG_WARN_OBJC_ROOT_CLASS = YES_ERROR;
				CLANG_WARN_RANGE_LOOP_ANALYSIS = YES;
				CLANG_WARN_STRICT_PROTOTYPES = YES;
				CLANG_WARN_SUSPICIOUS_MOVE = YES;
				CLANG_WARN_UNGUARDED_AVAILABILITY = YES_AGGRESSIVE;
				CLANG_WARN_UNREACHABLE_CODE = YES;
				CLANG_WARN__DUPLICATE_METHOD_MATCH = YES;
				CODE_SIGN_IDENTITY = "iPhone Developer";
				COPY_PHASE_STRIP = NO;
				DEBUG_INFORMATION_FORMAT = dwarf;
				ENABLE_STRICT_OBJC_MSGSEND = YES;
				ENABLE_TESTABILITY = YES;
				GCC_C_LANGUAGE_STANDARD = gnu11;
				GCC_DYNAMIC_NO_PIC = NO;
				GCC_NO_COMMON_BLOCKS = YES;
				GCC_OPTIMIZATION_LEVEL = 0;
				GCC_PREPROCESSOR_DEFINITIONS = (
					"DEBUG=1",
					"$(inherited)",
				);
				GCC_WARN_64_TO_32_BIT_CONVERSION = YES;
				GCC_WARN_ABOUT_RETURN_TYPE = YES_ERROR;
				GCC_WARN_UNDECLARED_SELECTOR = YES;
				GCC_WARN_UNINITIALIZED_AUTOS = YES_AGGRESSIVE;
				GCC_WARN_UNUSED_FUNCTION = YES;
				GCC_WARN_UNUSED_VARIABLE = YES;
				IPHONEOS_DEPLOYMENT_TARGET = 11.4;
				MTL_ENABLE_DEBUG_INFO = YES;
				ONLY_ACTIVE_ARCH = YES;
				SDKROOT = iphoneos;
				SWIFT_ACTIVE_COMPILATION_CONDITIONS = DEBUG;
				SWIFT_OPTIMIZATION_LEVEL = "-Onone";
			};
			name = Debug;
		};
		1E012B162160A7E100810D94 /* Release */ = {
			isa = XCBuildConfiguration;
			buildSettings = {
				ALWAYS_SEARCH_USER_PATHS = NO;
				CLANG_ANALYZER_NONNULL = YES;
				CLANG_ANALYZER_NUMBER_OBJECT_CONVERSION = YES_AGGRESSIVE;
				CLANG_CXX_LANGUAGE_STANDARD = "gnu++14";
				CLANG_CXX_LIBRARY = "libc++";
				CLANG_ENABLE_MODULES = YES;
				CLANG_ENABLE_OBJC_ARC = YES;
				CLANG_ENABLE_OBJC_WEAK = YES;
				CLANG_WARN_BLOCK_CAPTURE_AUTORELEASING = YES;
				CLANG_WARN_BOOL_CONVERSION = YES;
				CLANG_WARN_COMMA = YES;
				CLANG_WARN_CONSTANT_CONVERSION = YES;
				CLANG_WARN_DEPRECATED_OBJC_IMPLEMENTATIONS = YES;
				CLANG_WARN_DIRECT_OBJC_ISA_USAGE = YES_ERROR;
				CLANG_WARN_DOCUMENTATION_COMMENTS = YES;
				CLANG_WARN_EMPTY_BODY = YES;
				CLANG_WARN_ENUM_CONVERSION = YES;
				CLANG_WARN_INFINITE_RECURSION = YES;
				CLANG_WARN_INT_CONVERSION = YES;
				CLANG_WARN_NON_LITERAL_NULL_CONVERSION = YES;
				CLANG_WARN_OBJC_IMPLICIT_RETAIN_SELF = YES;
				CLANG_WARN_OBJC_LITERAL_CONVERSION = YES;
				CLANG_WARN_OBJC_ROOT_CLASS = YES_ERROR;
				CLANG_WARN_RANGE_LOOP_ANALYSIS = YES;
				CLANG_WARN_STRICT_PROTOTYPES = YES;
				CLANG_WARN_SUSPICIOUS_MOVE = YES;
				CLANG_WARN_UNGUARDED_AVAILABILITY = YES_AGGRESSIVE;
				CLANG_WARN_UNREACHABLE_CODE = YES;
				CLANG_WARN__DUPLICATE_METHOD_MATCH = YES;
				CODE_SIGN_IDENTITY = "iPhone Developer";
				COPY_PHASE_STRIP = NO;
				DEBUG_INFORMATION_FORMAT = "dwarf-with-dsym";
				ENABLE_NS_ASSERTIONS = NO;
				ENABLE_STRICT_OBJC_MSGSEND = YES;
				GCC_C_LANGUAGE_STANDARD = gnu11;
				GCC_NO_COMMON_BLOCKS = YES;
				GCC_WARN_64_TO_32_BIT_CONVERSION = YES;
				GCC_WARN_ABOUT_RETURN_TYPE = YES_ERROR;
				GCC_WARN_UNDECLARED_SELECTOR = YES;
				GCC_WARN_UNINITIALIZED_AUTOS = YES_AGGRESSIVE;
				GCC_WARN_UNUSED_FUNCTION = YES;
				GCC_WARN_UNUSED_VARIABLE = YES;
				IPHONEOS_DEPLOYMENT_TARGET = 11.4;
				MTL_ENABLE_DEBUG_INFO = NO;
				SDKROOT = iphoneos;
				SWIFT_COMPILATION_MODE = wholemodule;
				SWIFT_OPTIMIZATION_LEVEL = "-O";
				VALIDATE_PRODUCT = YES;
			};
			name = Release;
		};
		1E012B182160A7E100810D94 /* Debug */ = {
			isa = XCBuildConfiguration;
			buildSettings = {
				ASSETCATALOG_COMPILER_APPICON_NAME = AppIcon;
				CODE_SIGN_STYLE = Automatic;
				DEVELOPMENT_TEAM = RL8J62A42V;
				INFOPLIST_FILE = QRCodeReaderApp/Info.plist;
				IPHONEOS_DEPLOYMENT_TARGET = 10.2;
				LD_RUNPATH_SEARCH_PATHS = (
					"$(inherited)",
					"@executable_path/Frameworks",
				);
				PRODUCT_BUNDLE_IDENTIFIER = "com.metacube.-.QRCodeReaderApp";
				PRODUCT_NAME = "$(TARGET_NAME)";
				SWIFT_VERSION = 4.0;
				TARGETED_DEVICE_FAMILY = "1,2";
			};
			name = Debug;
		};
		1E012B192160A7E100810D94 /* Release */ = {
			isa = XCBuildConfiguration;
			buildSettings = {
				ASSETCATALOG_COMPILER_APPICON_NAME = AppIcon;
				CODE_SIGN_STYLE = Automatic;
				DEVELOPMENT_TEAM = RL8J62A42V;
				INFOPLIST_FILE = QRCodeReaderApp/Info.plist;
				IPHONEOS_DEPLOYMENT_TARGET = 10.2;
				LD_RUNPATH_SEARCH_PATHS = (
					"$(inherited)",
					"@executable_path/Frameworks",
				);
				PRODUCT_BUNDLE_IDENTIFIER = "com.metacube.-.QRCodeReaderApp";
				PRODUCT_NAME = "$(TARGET_NAME)";
				SWIFT_VERSION = 4.0;
				TARGETED_DEVICE_FAMILY = "1,2";
			};
			name = Release;
		};
		1E012B1B2160A7E100810D94 /* Debug */ = {
			isa = XCBuildConfiguration;
			buildSettings = {
				ALWAYS_EMBED_SWIFT_STANDARD_LIBRARIES = YES;
				BUNDLE_LOADER = "$(TEST_HOST)";
				CODE_SIGN_STYLE = Automatic;
				DEVELOPMENT_TEAM = RL8J62A42V;
				INFOPLIST_FILE = QRCodeReaderAppTests/Info.plist;
				LD_RUNPATH_SEARCH_PATHS = (
					"$(inherited)",
					"@executable_path/Frameworks",
					"@loader_path/Frameworks",
				);
				PRODUCT_BUNDLE_IDENTIFIER = "com.metacube.-.QRCodeReaderAppTests";
				PRODUCT_NAME = "$(TARGET_NAME)";
				SWIFT_VERSION = 4.0;
				TARGETED_DEVICE_FAMILY = "1,2";
				TEST_HOST = "$(BUILT_PRODUCTS_DIR)/QRCodeReaderApp.app/QRCodeReaderApp";
			};
			name = Debug;
		};
		1E012B1C2160A7E100810D94 /* Release */ = {
			isa = XCBuildConfiguration;
			buildSettings = {
				ALWAYS_EMBED_SWIFT_STANDARD_LIBRARIES = YES;
				BUNDLE_LOADER = "$(TEST_HOST)";
				CODE_SIGN_STYLE = Automatic;
				DEVELOPMENT_TEAM = RL8J62A42V;
				INFOPLIST_FILE = QRCodeReaderAppTests/Info.plist;
				LD_RUNPATH_SEARCH_PATHS = (
					"$(inherited)",
					"@executable_path/Frameworks",
					"@loader_path/Frameworks",
				);
				PRODUCT_BUNDLE_IDENTIFIER = "com.metacube.-.QRCodeReaderAppTests";
				PRODUCT_NAME = "$(TARGET_NAME)";
				SWIFT_VERSION = 4.0;
				TARGETED_DEVICE_FAMILY = "1,2";
				TEST_HOST = "$(BUILT_PRODUCTS_DIR)/QRCodeReaderApp.app/QRCodeReaderApp";
			};
			name = Release;
		};
		1E012B1E2160A7E100810D94 /* Debug */ = {
			isa = XCBuildConfiguration;
			buildSettings = {
				ALWAYS_EMBED_SWIFT_STANDARD_LIBRARIES = YES;
				CODE_SIGN_STYLE = Automatic;
				DEVELOPMENT_TEAM = RL8J62A42V;
				INFOPLIST_FILE = QRCodeReaderAppUITests/Info.plist;
				LD_RUNPATH_SEARCH_PATHS = (
					"$(inherited)",
					"@executable_path/Frameworks",
					"@loader_path/Frameworks",
				);
				PRODUCT_BUNDLE_IDENTIFIER = "com.metacube.-.QRCodeReaderAppUITests";
				PRODUCT_NAME = "$(TARGET_NAME)";
				SWIFT_VERSION = 4.0;
				TARGETED_DEVICE_FAMILY = "1,2";
				TEST_TARGET_NAME = QRCodeReaderApp;
			};
			name = Debug;
		};
		1E012B1F2160A7E100810D94 /* Release */ = {
			isa = XCBuildConfiguration;
			buildSettings = {
				ALWAYS_EMBED_SWIFT_STANDARD_LIBRARIES = YES;
				CODE_SIGN_STYLE = Automatic;
				DEVELOPMENT_TEAM = RL8J62A42V;
				INFOPLIST_FILE = QRCodeReaderAppUITests/Info.plist;
				LD_RUNPATH_SEARCH_PATHS = (
					"$(inherited)",
					"@executable_path/Frameworks",
					"@loader_path/Frameworks",
				);
				PRODUCT_BUNDLE_IDENTIFIER = "com.metacube.-.QRCodeReaderAppUITests";
				PRODUCT_NAME = "$(TARGET_NAME)";
				SWIFT_VERSION = 4.0;
				TARGETED_DEVICE_FAMILY = "1,2";
				TEST_TARGET_NAME = QRCodeReaderApp;
			};
			name = Release;
		};
/* End XCBuildConfiguration section */

/* Begin XCConfigurationList section */
		1E012AE72160A7DC00810D94 /* Build configuration list for PBXProject "QRCodeReaderApp" */ = {
			isa = XCConfigurationList;
			buildConfigurations = (
				1E012B152160A7E100810D94 /* Debug */,
				1E012B162160A7E100810D94 /* Release */,
			);
			defaultConfigurationIsVisible = 0;
			defaultConfigurationName = Release;
		};
		1E012B172160A7E100810D94 /* Build configuration list for PBXNativeTarget "QRCodeReaderApp" */ = {
			isa = XCConfigurationList;
			buildConfigurations = (
				1E012B182160A7E100810D94 /* Debug */,
				1E012B192160A7E100810D94 /* Release */,
			);
			defaultConfigurationIsVisible = 0;
			defaultConfigurationName = Release;
		};
		1E012B1A2160A7E100810D94 /* Build configuration list for PBXNativeTarget "QRCodeReaderAppTests" */ = {
			isa = XCConfigurationList;
			buildConfigurations = (
				1E012B1B2160A7E100810D94 /* Debug */,
				1E012B1C2160A7E100810D94 /* Release */,
			);
			defaultConfigurationIsVisible = 0;
			defaultConfigurationName = Release;
		};
		1E012B1D2160A7E100810D94 /* Build configuration list for PBXNativeTarget "QRCodeReaderAppUITests" */ = {
			isa = XCConfigurationList;
			buildConfigurations = (
				1E012B1E2160A7E100810D94 /* Debug */,
				1E012B1F2160A7E100810D94 /* Release */,
			);
			defaultConfigurationIsVisible = 0;
			defaultConfigurationName = Release;
		};
/* End XCConfigurationList section */

/* Begin XCVersionGroup section */
		1E012AF62160A7DD00810D94 /* QRCodeReaderApp.xcdatamodeld */ = {
			isa = XCVersionGroup;
			children = (
				1E012AF72160A7DD00810D94 /* QRCodeReaderApp.xcdatamodel */,
			);
			currentVersion = 1E012AF72160A7DD00810D94 /* QRCodeReaderApp.xcdatamodel */;
			path = QRCodeReaderApp.xcdatamodeld;
			sourceTree = "<group>";
			versionGroupType = wrapper.xcdatamodel;
		};
/* End XCVersionGroup section */
	};
	rootObject = 1E012AE42160A7DC00810D94 /* Project object */;
}
